
Microsoft Visual Studio Solution File, Format Version 12.00
# Visual Studio Version 16
VisualStudioVersion = 16.0.30225.117
MinimumVisualStudioVersion = 10.0.40219.1
Project("{FAE04EC0-301F-11D3-BF4B-00C04F79EFBC}") = "BeautySalonApp", "BSalon\BeautySalonApp.csproj", "{07BE1750-B296-4F9C-870C-714835AF6435}"
EndProject
Global
	GlobalSection(SolutionConfigurationPlatforms) = preSolution
		Debug|Any CPU = Debug|Any CPU
		Release|Any CPU = Release|Any CPU
	EndGlobalSection
	GlobalSection(ProjectConfigurationPlatforms) = postSolution
		{07BE1750-B296-4F9C-870C-714835AF6435}.Debug|Any CPU.ActiveCfg = Debug|Any CPU
		{07BE1750-B296-4F9C-870C-714835AF6435}.Debug|Any CPU.Build.0 = Debug|Any CPU
		{07BE1750-B296-4F9C-870C-714835AF6435}.Release|Any CPU.ActiveCfg = Release|Any CPU
		{07BE1750-B296-4F9C-870C-714835AF6435}.Release|Any CPU.Build.0 = Release|Any CPU
	EndGlobalSection
	GlobalSection(SolutionProperties) = preSolution
		HideSolutionNode = FALSE
	EndGlobalSection
	GlobalSection(ExtensibilityGlobals) = postSolution
		SolutionGuid = {0E4AF35C-7C29-4E19-BB32-F0E2B220AE61}
	EndGlobalSection
EndGlobal
